
Microsoft Visual Studio Solution File, Format Version 12.00
# Visual Studio 15
VisualStudioVersion = 15.0.28307.852
MinimumVisualStudioVersion = 10.0.40219.1
Project("{FAE04EC0-301F-11D3-BF4B-00C04F79EFBC}") = "Visibility Portal", "Visibility Portal\Visibility Portal.csproj", "{4083E8E8-C597-4EDA-990B-06363CF275DA}"
EndProject
Global
	GlobalSection(SolutionConfigurationPlatforms) = preSolution
		Debug|Any CPU = Debug|Any CPU
		Release|Any CPU = Release|Any CPU
	EndGlobalSection
	GlobalSection(ProjectConfigurationPlatforms) = postSolution
		{4083E8E8-C597-4EDA-990B-06363CF275DA}.Debug|Any CPU.ActiveCfg = Debug|Any CPU
		{4083E8E8-C597-4EDA-990B-06363CF275DA}.Debug|Any CPU.Build.0 = Debug|Any CPU
		{4083E8E8-C597-4EDA-990B-06363CF275DA}.Release|Any CPU.ActiveCfg = Release|Any CPU
		{4083E8E8-C597-4EDA-990B-06363CF275DA}.Release|Any CPU.Build.0 = Release|Any CPU
	EndGlobalSection
	GlobalSection(SolutionProperties) = preSolution
		HideSolutionNode = FALSE
	EndGlobalSection
	GlobalSection(ExtensibilityGlobals) = postSolution
		SolutionGuid = {1AEC13E1-681A-4EDF-BC22-2F97EA847703}
	EndGlobalSection
EndGlobal
