
Microsoft Visual Studio Solution File, Format Version 12.00
# Visual Studio Version 16
VisualStudioVersion = 16.0.29411.108
MinimumVisualStudioVersion = 10.0.40219.1
Project("{FAE04EC0-301F-11D3-BF4B-00C04F79EFBC}") = "VisibilityPortal_UI", "VisibilityPortal_UI\VisibilityPortal_UI.csproj", "{4083E8E8-C597-4EDA-990B-06363CF275DA}"
EndProject
Project("{FAE04EC0-301F-11D3-BF4B-00C04F79EFBC}") = "VisibilityPortal_DAL", "VisibilityPortal_DAL\VisibilityPortal_DAL.csproj", "{C03388C5-675B-4EEC-BCC3-67C3033C7B52}"
EndProject
Project("{FAE04EC0-301F-11D3-BF4B-00C04F79EFBC}") = "VisibilityPortal_BLL", "VisibilityPortal_BLL\VisibilityPortal_BLL.csproj", "{B6AA0DA3-35E2-4767-9902-DD6FFDF92171}"
EndProject
Project("{FAE04EC0-301F-11D3-BF4B-00C04F79EFBC}") = "VisibilityPortal_BLL.Tests", "VisibilityPortal_BLL.Tests\VisibilityPortal_BLL.Tests.csproj", "{93D4C5B8-2CF7-468D-A872-B42FB9B58FAF}"
EndProject
Project("{FAE04EC0-301F-11D3-BF4B-00C04F79EFBC}") = "CallCenter_DAL", "CallCenter_DAL\CallCenter_DAL.csproj", "{AEA0D243-C2BA-4EFD-9C13-92CC18466B09}"
EndProject
Project("{FAE04EC0-301F-11D3-BF4B-00C04F79EFBC}") = "CallCenter_BLL", "CallCenter_BLL\CallCenter_BLL.csproj", "{01299762-99F8-4932-BD58-829B8E0F1606}"
EndProject
Project("{FAE04EC0-301F-11D3-BF4B-00C04F79EFBC}") = "CallCenter_BLL.Tests", "CallCenter_BLL.Tests\CallCenter_BLL.Tests.csproj", "{C421C2CA-B57F-4874-9A20-8CD71DE2E5FF}"
EndProject
Project("{FAE04EC0-301F-11D3-BF4B-00C04F79EFBC}") = "CallCenter_UI", "VisibilityPortal_UI\Areas\CallCenter_UI\CallCenter_UI.csproj", "{E07D0179-A853-4377-8F96-13FF94FE539F}"
EndProject
Project("{FAE04EC0-301F-11D3-BF4B-00C04F79EFBC}") = "Agency_UI", "VisibilityPortal_UI\Areas\Agency_UI\Agency_UI.csproj", "{6F04A589-0578-4B72-B065-C0214B944614}"
EndProject
Project("{FAE04EC0-301F-11D3-BF4B-00C04F79EFBC}") = "Agency_BLL", "Agency_BLL\Agency_BLL.csproj", "{EA19F8A9-C55F-40A4-A072-83C58BD6AC9E}"
EndProject
Project("{FAE04EC0-301F-11D3-BF4B-00C04F79EFBC}") = "Agency_DAL", "Agency_DAL\Agency_DAL.csproj", "{03E2DF17-E889-456D-A4FC-71E4A1D9C8D2}"
EndProject
Global
	GlobalSection(SolutionConfigurationPlatforms) = preSolution
		Debug|Any CPU = Debug|Any CPU
		Release|Any CPU = Release|Any CPU
	EndGlobalSection
	GlobalSection(ProjectConfigurationPlatforms) = postSolution
		{4083E8E8-C597-4EDA-990B-06363CF275DA}.Debug|Any CPU.ActiveCfg = Debug|Any CPU
		{4083E8E8-C597-4EDA-990B-06363CF275DA}.Debug|Any CPU.Build.0 = Debug|Any CPU
		{4083E8E8-C597-4EDA-990B-06363CF275DA}.Release|Any CPU.ActiveCfg = Release|Any CPU
		{4083E8E8-C597-4EDA-990B-06363CF275DA}.Release|Any CPU.Build.0 = Release|Any CPU
		{C03388C5-675B-4EEC-BCC3-67C3033C7B52}.Debug|Any CPU.ActiveCfg = Debug|Any CPU
		{C03388C5-675B-4EEC-BCC3-67C3033C7B52}.Debug|Any CPU.Build.0 = Debug|Any CPU
		{C03388C5-675B-4EEC-BCC3-67C3033C7B52}.Release|Any CPU.ActiveCfg = Release|Any CPU
		{C03388C5-675B-4EEC-BCC3-67C3033C7B52}.Release|Any CPU.Build.0 = Release|Any CPU
		{B6AA0DA3-35E2-4767-9902-DD6FFDF92171}.Debug|Any CPU.ActiveCfg = Debug|Any CPU
		{B6AA0DA3-35E2-4767-9902-DD6FFDF92171}.Debug|Any CPU.Build.0 = Debug|Any CPU
		{B6AA0DA3-35E2-4767-9902-DD6FFDF92171}.Release|Any CPU.ActiveCfg = Release|Any CPU
		{B6AA0DA3-35E2-4767-9902-DD6FFDF92171}.Release|Any CPU.Build.0 = Release|Any CPU
		{93D4C5B8-2CF7-468D-A872-B42FB9B58FAF}.Debug|Any CPU.ActiveCfg = Debug|Any CPU
		{93D4C5B8-2CF7-468D-A872-B42FB9B58FAF}.Debug|Any CPU.Build.0 = Debug|Any CPU
		{93D4C5B8-2CF7-468D-A872-B42FB9B58FAF}.Release|Any CPU.ActiveCfg = Release|Any CPU
		{93D4C5B8-2CF7-468D-A872-B42FB9B58FAF}.Release|Any CPU.Build.0 = Release|Any CPU
		{AEA0D243-C2BA-4EFD-9C13-92CC18466B09}.Debug|Any CPU.ActiveCfg = Debug|Any CPU
		{AEA0D243-C2BA-4EFD-9C13-92CC18466B09}.Debug|Any CPU.Build.0 = Debug|Any CPU
		{AEA0D243-C2BA-4EFD-9C13-92CC18466B09}.Release|Any CPU.ActiveCfg = Release|Any CPU
		{AEA0D243-C2BA-4EFD-9C13-92CC18466B09}.Release|Any CPU.Build.0 = Release|Any CPU
		{01299762-99F8-4932-BD58-829B8E0F1606}.Debug|Any CPU.ActiveCfg = Debug|Any CPU
		{01299762-99F8-4932-BD58-829B8E0F1606}.Debug|Any CPU.Build.0 = Debug|Any CPU
		{01299762-99F8-4932-BD58-829B8E0F1606}.Release|Any CPU.ActiveCfg = Release|Any CPU
		{01299762-99F8-4932-BD58-829B8E0F1606}.Release|Any CPU.Build.0 = Release|Any CPU
		{C421C2CA-B57F-4874-9A20-8CD71DE2E5FF}.Debug|Any CPU.ActiveCfg = Debug|Any CPU
		{C421C2CA-B57F-4874-9A20-8CD71DE2E5FF}.Debug|Any CPU.Build.0 = Debug|Any CPU
		{C421C2CA-B57F-4874-9A20-8CD71DE2E5FF}.Release|Any CPU.ActiveCfg = Release|Any CPU
		{C421C2CA-B57F-4874-9A20-8CD71DE2E5FF}.Release|Any CPU.Build.0 = Release|Any CPU
		{E07D0179-A853-4377-8F96-13FF94FE539F}.Debug|Any CPU.ActiveCfg = Debug|Any CPU
		{E07D0179-A853-4377-8F96-13FF94FE539F}.Debug|Any CPU.Build.0 = Debug|Any CPU
		{E07D0179-A853-4377-8F96-13FF94FE539F}.Release|Any CPU.ActiveCfg = Release|Any CPU
		{E07D0179-A853-4377-8F96-13FF94FE539F}.Release|Any CPU.Build.0 = Release|Any CPU
		{6F04A589-0578-4B72-B065-C0214B944614}.Debug|Any CPU.ActiveCfg = Debug|Any CPU
		{6F04A589-0578-4B72-B065-C0214B944614}.Debug|Any CPU.Build.0 = Debug|Any CPU
		{6F04A589-0578-4B72-B065-C0214B944614}.Release|Any CPU.ActiveCfg = Release|Any CPU
		{6F04A589-0578-4B72-B065-C0214B944614}.Release|Any CPU.Build.0 = Release|Any CPU
		{EA19F8A9-C55F-40A4-A072-83C58BD6AC9E}.Debug|Any CPU.ActiveCfg = Debug|Any CPU
		{EA19F8A9-C55F-40A4-A072-83C58BD6AC9E}.Debug|Any CPU.Build.0 = Debug|Any CPU
		{EA19F8A9-C55F-40A4-A072-83C58BD6AC9E}.Release|Any CPU.ActiveCfg = Release|Any CPU
		{EA19F8A9-C55F-40A4-A072-83C58BD6AC9E}.Release|Any CPU.Build.0 = Release|Any CPU
		{03E2DF17-E889-456D-A4FC-71E4A1D9C8D2}.Debug|Any CPU.ActiveCfg = Debug|Any CPU
		{03E2DF17-E889-456D-A4FC-71E4A1D9C8D2}.Debug|Any CPU.Build.0 = Debug|Any CPU
		{03E2DF17-E889-456D-A4FC-71E4A1D9C8D2}.Release|Any CPU.ActiveCfg = Release|Any CPU
		{03E2DF17-E889-456D-A4FC-71E4A1D9C8D2}.Release|Any CPU.Build.0 = Release|Any CPU
	EndGlobalSection
	GlobalSection(SolutionProperties) = preSolution
		HideSolutionNode = FALSE
	EndGlobalSection
	GlobalSection(ExtensibilityGlobals) = postSolution
		SolutionGuid = {1AEC13E1-681A-4EDF-BC22-2F97EA847703}
	EndGlobalSection
EndGlobal
