
Microsoft Visual Studio Solution File, Format Version 12.00
# Visual Studio Version 16
VisualStudioVersion = 16.0.29519.87
MinimumVisualStudioVersion = 10.0.40219.1
Project("{FAE04EC0-301F-11D3-BF4B-00C04F79EFBC}") = "VisibilityPortal_UI", "VisibilityPortal_UI\VisibilityPortal_UI.csproj", "{4083E8E8-C597-4EDA-990B-06363CF275DA}"
	ProjectSection(ProjectDependencies) = postProject
		{E07D0179-A853-4377-8F96-13FF94FE539F} = {E07D0179-A853-4377-8F96-13FF94FE539F}
		{43AB579F-52DB-4914-B759-478E99E2287A} = {43AB579F-52DB-4914-B759-478E99E2287A}
		{30D4BBCA-65D2-4C11-86CD-1F5F461840D1} = {30D4BBCA-65D2-4C11-86CD-1F5F461840D1}
	EndProjectSection
EndProject
Project("{FAE04EC0-301F-11D3-BF4B-00C04F79EFBC}") = "VisibilityPortal_DAL", "VisibilityPortal_DAL\VisibilityPortal_DAL.csproj", "{C03388C5-675B-4EEC-BCC3-67C3033C7B52}"
EndProject
Project("{FAE04EC0-301F-11D3-BF4B-00C04F79EFBC}") = "VisibilityPortal_BLL", "VisibilityPortal_BLL\VisibilityPortal_BLL.csproj", "{B6AA0DA3-35E2-4767-9902-DD6FFDF92171}"
EndProject
Project("{FAE04EC0-301F-11D3-BF4B-00C04F79EFBC}") = "VisibilityPortal_BLL.Tests", "VisibilityPortal_BLL.Tests\VisibilityPortal_BLL.Tests.csproj", "{93D4C5B8-2CF7-468D-A872-B42FB9B58FAF}"
EndProject
Project("{FAE04EC0-301F-11D3-BF4B-00C04F79EFBC}") = "CallCenter_DAL", "CallCenter_DAL\CallCenter_DAL.csproj", "{AEA0D243-C2BA-4EFD-9C13-92CC18466B09}"
EndProject
Project("{FAE04EC0-301F-11D3-BF4B-00C04F79EFBC}") = "CallCenter_BLL", "CallCenter_BLL\CallCenter_BLL.csproj", "{01299762-99F8-4932-BD58-829B8E0F1606}"
EndProject
Project("{FAE04EC0-301F-11D3-BF4B-00C04F79EFBC}") = "CallCenter_BLL.Tests", "CallCenter_BLL.Tests\CallCenter_BLL.Tests.csproj", "{C421C2CA-B57F-4874-9A20-8CD71DE2E5FF}"
EndProject
Project("{FAE04EC0-301F-11D3-BF4B-00C04F79EFBC}") = "CallCenter_UI", "VisibilityPortal_UI\Areas\CallCenter_UI\CallCenter_UI.csproj", "{E07D0179-A853-4377-8F96-13FF94FE539F}"
EndProject
Project("{FAE04EC0-301F-11D3-BF4B-00C04F79EFBC}") = "AgencyBanking_UI", "VisibilityPortal_UI\Areas\AgencyBanking_UI\AgencyBanking_UI.csproj", "{30D4BBCA-65D2-4C11-86CD-1F5F461840D1}"
EndProject
Project("{FAE04EC0-301F-11D3-BF4B-00C04F79EFBC}") = "MSacco_UI", "VisibilityPortal_UI\Areas\MSacco_UI\MSacco_UI.csproj", "{43AB579F-52DB-4914-B759-478E99E2287A}"
EndProject
Project("{FAE04EC0-301F-11D3-BF4B-00C04F79EFBC}") = "AgencyBanking_BLL", "AgencyBanking_BLL\AgencyBanking_BLL.csproj", "{C6FCD371-FEB9-49C3-BC7C-1EAFF85DED88}"
EndProject
Project("{FAE04EC0-301F-11D3-BF4B-00C04F79EFBC}") = "AgencyBanking_DAL", "AgencyBanking_DAL\AgencyBanking_DAL.csproj", "{2FFCBCB1-4D5D-4AD1-B34C-01D2CFC16B15}"
EndProject
Project("{FAE04EC0-301F-11D3-BF4B-00C04F79EFBC}") = "MSacco_DAL", "MSacco_DAL\MSacco_DAL.csproj", "{053943C1-BE39-41E2-BBB4-16A268A94B75}"
EndProject
Project("{FAE04EC0-301F-11D3-BF4B-00C04F79EFBC}") = "MSacco_BLL", "MSacco_BLL\MSacco_BLL.csproj", "{982C95BB-97EB-437A-B56B-7A7BCAE729A0}"
EndProject
Project("{FAE04EC0-301F-11D3-BF4B-00C04F79EFBC}") = "MSacco_BLL.Tests", "MSacco_BLL.Tests\MSacco_BLL.Tests.csproj", "{6FE2D72C-78F5-4FC7-A674-35865474DA0F}"
EndProject
Project("{FAE04EC0-301F-11D3-BF4B-00C04F79EFBC}") = "Utilities", "Utilities\Utilities.csproj", "{6A5EC0E2-A633-420E-A14D-4C9EFAF2A9CD}"
EndProject
Project("{FAE04EC0-301F-11D3-BF4B-00C04F79EFBC}") = "AgencyBanking_BLLTests", "AgencyBanking_BLLTests\AgencyBanking_BLLTests.csproj", "{1C71AE16-BD6C-4E48-A82B-D507B1C0846C}"
EndProject
Global
	GlobalSection(SolutionConfigurationPlatforms) = preSolution
		Debug|Any CPU = Debug|Any CPU
		Release|Any CPU = Release|Any CPU
	EndGlobalSection
	GlobalSection(ProjectConfigurationPlatforms) = postSolution
		{4083E8E8-C597-4EDA-990B-06363CF275DA}.Debug|Any CPU.ActiveCfg = Debug|Any CPU
		{4083E8E8-C597-4EDA-990B-06363CF275DA}.Debug|Any CPU.Build.0 = Debug|Any CPU
		{4083E8E8-C597-4EDA-990B-06363CF275DA}.Release|Any CPU.ActiveCfg = Release|Any CPU
		{4083E8E8-C597-4EDA-990B-06363CF275DA}.Release|Any CPU.Build.0 = Release|Any CPU
		{C03388C5-675B-4EEC-BCC3-67C3033C7B52}.Debug|Any CPU.ActiveCfg = Debug|Any CPU
		{C03388C5-675B-4EEC-BCC3-67C3033C7B52}.Debug|Any CPU.Build.0 = Debug|Any CPU
		{C03388C5-675B-4EEC-BCC3-67C3033C7B52}.Release|Any CPU.ActiveCfg = Release|Any CPU
		{C03388C5-675B-4EEC-BCC3-67C3033C7B52}.Release|Any CPU.Build.0 = Release|Any CPU
		{B6AA0DA3-35E2-4767-9902-DD6FFDF92171}.Debug|Any CPU.ActiveCfg = Debug|Any CPU
		{B6AA0DA3-35E2-4767-9902-DD6FFDF92171}.Debug|Any CPU.Build.0 = Debug|Any CPU
		{B6AA0DA3-35E2-4767-9902-DD6FFDF92171}.Release|Any CPU.ActiveCfg = Release|Any CPU
		{B6AA0DA3-35E2-4767-9902-DD6FFDF92171}.Release|Any CPU.Build.0 = Release|Any CPU
		{93D4C5B8-2CF7-468D-A872-B42FB9B58FAF}.Debug|Any CPU.ActiveCfg = Debug|Any CPU
		{93D4C5B8-2CF7-468D-A872-B42FB9B58FAF}.Debug|Any CPU.Build.0 = Debug|Any CPU
		{93D4C5B8-2CF7-468D-A872-B42FB9B58FAF}.Release|Any CPU.ActiveCfg = Release|Any CPU
		{93D4C5B8-2CF7-468D-A872-B42FB9B58FAF}.Release|Any CPU.Build.0 = Release|Any CPU
		{AEA0D243-C2BA-4EFD-9C13-92CC18466B09}.Debug|Any CPU.ActiveCfg = Debug|Any CPU
		{AEA0D243-C2BA-4EFD-9C13-92CC18466B09}.Debug|Any CPU.Build.0 = Debug|Any CPU
		{AEA0D243-C2BA-4EFD-9C13-92CC18466B09}.Release|Any CPU.ActiveCfg = Release|Any CPU
		{AEA0D243-C2BA-4EFD-9C13-92CC18466B09}.Release|Any CPU.Build.0 = Release|Any CPU
		{01299762-99F8-4932-BD58-829B8E0F1606}.Debug|Any CPU.ActiveCfg = Debug|Any CPU
		{01299762-99F8-4932-BD58-829B8E0F1606}.Debug|Any CPU.Build.0 = Debug|Any CPU
		{01299762-99F8-4932-BD58-829B8E0F1606}.Release|Any CPU.ActiveCfg = Release|Any CPU
		{01299762-99F8-4932-BD58-829B8E0F1606}.Release|Any CPU.Build.0 = Release|Any CPU
		{C421C2CA-B57F-4874-9A20-8CD71DE2E5FF}.Debug|Any CPU.ActiveCfg = Debug|Any CPU
		{C421C2CA-B57F-4874-9A20-8CD71DE2E5FF}.Debug|Any CPU.Build.0 = Debug|Any CPU
		{C421C2CA-B57F-4874-9A20-8CD71DE2E5FF}.Release|Any CPU.ActiveCfg = Release|Any CPU
		{C421C2CA-B57F-4874-9A20-8CD71DE2E5FF}.Release|Any CPU.Build.0 = Release|Any CPU
		{E07D0179-A853-4377-8F96-13FF94FE539F}.Debug|Any CPU.ActiveCfg = Debug|Any CPU
		{E07D0179-A853-4377-8F96-13FF94FE539F}.Debug|Any CPU.Build.0 = Debug|Any CPU
		{E07D0179-A853-4377-8F96-13FF94FE539F}.Release|Any CPU.ActiveCfg = Release|Any CPU
		{E07D0179-A853-4377-8F96-13FF94FE539F}.Release|Any CPU.Build.0 = Release|Any CPU
		{30D4BBCA-65D2-4C11-86CD-1F5F461840D1}.Debug|Any CPU.ActiveCfg = Debug|Any CPU
		{30D4BBCA-65D2-4C11-86CD-1F5F461840D1}.Debug|Any CPU.Build.0 = Debug|Any CPU
		{30D4BBCA-65D2-4C11-86CD-1F5F461840D1}.Release|Any CPU.ActiveCfg = Release|Any CPU
		{30D4BBCA-65D2-4C11-86CD-1F5F461840D1}.Release|Any CPU.Build.0 = Release|Any CPU
		{43AB579F-52DB-4914-B759-478E99E2287A}.Debug|Any CPU.ActiveCfg = Debug|Any CPU
		{43AB579F-52DB-4914-B759-478E99E2287A}.Debug|Any CPU.Build.0 = Debug|Any CPU
		{43AB579F-52DB-4914-B759-478E99E2287A}.Release|Any CPU.ActiveCfg = Release|Any CPU
		{43AB579F-52DB-4914-B759-478E99E2287A}.Release|Any CPU.Build.0 = Release|Any CPU
		{C6FCD371-FEB9-49C3-BC7C-1EAFF85DED88}.Debug|Any CPU.ActiveCfg = Debug|Any CPU
		{C6FCD371-FEB9-49C3-BC7C-1EAFF85DED88}.Debug|Any CPU.Build.0 = Debug|Any CPU
		{C6FCD371-FEB9-49C3-BC7C-1EAFF85DED88}.Release|Any CPU.ActiveCfg = Release|Any CPU
		{C6FCD371-FEB9-49C3-BC7C-1EAFF85DED88}.Release|Any CPU.Build.0 = Release|Any CPU
		{2FFCBCB1-4D5D-4AD1-B34C-01D2CFC16B15}.Debug|Any CPU.ActiveCfg = Debug|Any CPU
		{2FFCBCB1-4D5D-4AD1-B34C-01D2CFC16B15}.Debug|Any CPU.Build.0 = Debug|Any CPU
		{2FFCBCB1-4D5D-4AD1-B34C-01D2CFC16B15}.Release|Any CPU.ActiveCfg = Release|Any CPU
		{2FFCBCB1-4D5D-4AD1-B34C-01D2CFC16B15}.Release|Any CPU.Build.0 = Release|Any CPU
		{053943C1-BE39-41E2-BBB4-16A268A94B75}.Debug|Any CPU.ActiveCfg = Debug|Any CPU
		{053943C1-BE39-41E2-BBB4-16A268A94B75}.Debug|Any CPU.Build.0 = Debug|Any CPU
		{053943C1-BE39-41E2-BBB4-16A268A94B75}.Release|Any CPU.ActiveCfg = Release|Any CPU
		{053943C1-BE39-41E2-BBB4-16A268A94B75}.Release|Any CPU.Build.0 = Release|Any CPU
		{982C95BB-97EB-437A-B56B-7A7BCAE729A0}.Debug|Any CPU.ActiveCfg = Debug|Any CPU
		{982C95BB-97EB-437A-B56B-7A7BCAE729A0}.Debug|Any CPU.Build.0 = Debug|Any CPU
		{982C95BB-97EB-437A-B56B-7A7BCAE729A0}.Release|Any CPU.ActiveCfg = Release|Any CPU
		{982C95BB-97EB-437A-B56B-7A7BCAE729A0}.Release|Any CPU.Build.0 = Release|Any CPU
		{6FE2D72C-78F5-4FC7-A674-35865474DA0F}.Debug|Any CPU.ActiveCfg = Debug|Any CPU
		{6FE2D72C-78F5-4FC7-A674-35865474DA0F}.Debug|Any CPU.Build.0 = Debug|Any CPU
		{6FE2D72C-78F5-4FC7-A674-35865474DA0F}.Release|Any CPU.ActiveCfg = Release|Any CPU
		{6FE2D72C-78F5-4FC7-A674-35865474DA0F}.Release|Any CPU.Build.0 = Release|Any CPU
		{6A5EC0E2-A633-420E-A14D-4C9EFAF2A9CD}.Debug|Any CPU.ActiveCfg = Debug|Any CPU
		{6A5EC0E2-A633-420E-A14D-4C9EFAF2A9CD}.Debug|Any CPU.Build.0 = Debug|Any CPU
		{6A5EC0E2-A633-420E-A14D-4C9EFAF2A9CD}.Release|Any CPU.ActiveCfg = Release|Any CPU
		{6A5EC0E2-A633-420E-A14D-4C9EFAF2A9CD}.Release|Any CPU.Build.0 = Release|Any CPU
		{1C71AE16-BD6C-4E48-A82B-D507B1C0846C}.Debug|Any CPU.ActiveCfg = Debug|Any CPU
		{1C71AE16-BD6C-4E48-A82B-D507B1C0846C}.Debug|Any CPU.Build.0 = Debug|Any CPU
		{1C71AE16-BD6C-4E48-A82B-D507B1C0846C}.Release|Any CPU.ActiveCfg = Release|Any CPU
		{1C71AE16-BD6C-4E48-A82B-D507B1C0846C}.Release|Any CPU.Build.0 = Release|Any CPU
	EndGlobalSection
	GlobalSection(SolutionProperties) = preSolution
		HideSolutionNode = FALSE
	EndGlobalSection
	GlobalSection(ExtensibilityGlobals) = postSolution
		SolutionGuid = {1AEC13E1-681A-4EDF-BC22-2F97EA847703}
	EndGlobalSection
EndGlobal
